
Microsoft Visual Studio Solution File, Format Version 12.00
# Visual Studio Version 16
VisualStudioVersion = 16.0.29613.14
MinimumVisualStudioVersion = 10.0.40219.1
Project("{FAE04EC0-301F-11D3-BF4B-00C04F79EFBC}") = "Add_Birthday", "Add_Birthday\Add_Birthday.csproj", "{FCD67738-3E0C-4B1D-B89E-A8A50AD14FB5}"
EndProject
Global
	GlobalSection(SolutionConfigurationPlatforms) = preSolution
		Debug|Any CPU = Debug|Any CPU
		Release|Any CPU = Release|Any CPU
	EndGlobalSection
	GlobalSection(ProjectConfigurationPlatforms) = postSolution
		{FCD67738-3E0C-4B1D-B89E-A8A50AD14FB5}.Debug|Any CPU.ActiveCfg = Debug|Any CPU
		{FCD67738-3E0C-4B1D-B89E-A8A50AD14FB5}.Debug|Any CPU.Build.0 = Debug|Any CPU
		{FCD67738-3E0C-4B1D-B89E-A8A50AD14FB5}.Release|Any CPU.ActiveCfg = Release|Any CPU
		{FCD67738-3E0C-4B1D-B89E-A8A50AD14FB5}.Release|Any CPU.Build.0 = Release|Any CPU
	EndGlobalSection
	GlobalSection(SolutionProperties) = preSolution
		HideSolutionNode = FALSE
	EndGlobalSection
	GlobalSection(ExtensibilityGlobals) = postSolution
		SolutionGuid = {22081BE7-45C1-4961-BCF5-B73EB194D51C}
	EndGlobalSection
EndGlobal
