
Microsoft Visual Studio Solution File, Format Version 12.00
# Visual Studio Version 16
VisualStudioVersion = 16.0.29613.14
MinimumVisualStudioVersion = 10.0.40219.1
Project("{FAE04EC0-301F-11D3-BF4B-00C04F79EFBC}") = "WordCounter", "WordCounter\WordCounter.csproj", "{8AD47A7C-DD6A-4714-80EE-A6EC41C80164}"
EndProject
Global
	GlobalSection(SolutionConfigurationPlatforms) = preSolution
		Debug|Any CPU = Debug|Any CPU
		Release|Any CPU = Release|Any CPU
	EndGlobalSection
	GlobalSection(ProjectConfigurationPlatforms) = postSolution
		{8AD47A7C-DD6A-4714-80EE-A6EC41C80164}.Debug|Any CPU.ActiveCfg = Debug|Any CPU
		{8AD47A7C-DD6A-4714-80EE-A6EC41C80164}.Debug|Any CPU.Build.0 = Debug|Any CPU
		{8AD47A7C-DD6A-4714-80EE-A6EC41C80164}.Release|Any CPU.ActiveCfg = Release|Any CPU
		{8AD47A7C-DD6A-4714-80EE-A6EC41C80164}.Release|Any CPU.Build.0 = Release|Any CPU
	EndGlobalSection
	GlobalSection(SolutionProperties) = preSolution
		HideSolutionNode = FALSE
	EndGlobalSection
	GlobalSection(ExtensibilityGlobals) = postSolution
		SolutionGuid = {A612F706-E07D-447C-934B-0E6FE4E6A338}
	EndGlobalSection
EndGlobal
